
Microsoft Visual Studio Solution File, Format Version 12.00
# Visual Studio 2012
Project("{FAE04EC0-301F-11D3-BF4B-00C04F79EFBC}") = "VML.WebPurify", "VML.WebPurify\VML.WebPurify.csproj", "{72844639-5ADF-49AE-848E-D9E96CE41420}"
EndProject
Project("{FAE04EC0-301F-11D3-BF4B-00C04F79EFBC}") = "VML.WebPurify.Tests", "VML.WebPurify.Tests\VML.WebPurify.Tests.csproj", "{04ACF628-6F89-45E2-B2A4-79435CFB0E08}"
EndProject
Global
	GlobalSection(SolutionConfigurationPlatforms) = preSolution
		Debug|Any CPU = Debug|Any CPU
		Release|Any CPU = Release|Any CPU
	EndGlobalSection
	GlobalSection(ProjectConfigurationPlatforms) = postSolution
		{72844639-5ADF-49AE-848E-D9E96CE41420}.Debug|Any CPU.ActiveCfg = Debug|Any CPU
		{72844639-5ADF-49AE-848E-D9E96CE41420}.Debug|Any CPU.Build.0 = Debug|Any CPU
		{72844639-5ADF-49AE-848E-D9E96CE41420}.Release|Any CPU.ActiveCfg = Release|Any CPU
		{72844639-5ADF-49AE-848E-D9E96CE41420}.Release|Any CPU.Build.0 = Release|Any CPU
		{04ACF628-6F89-45E2-B2A4-79435CFB0E08}.Debug|Any CPU.ActiveCfg = Debug|Any CPU
		{04ACF628-6F89-45E2-B2A4-79435CFB0E08}.Debug|Any CPU.Build.0 = Debug|Any CPU
		{04ACF628-6F89-45E2-B2A4-79435CFB0E08}.Release|Any CPU.ActiveCfg = Release|Any CPU
	EndGlobalSection
	GlobalSection(SolutionProperties) = preSolution
		HideSolutionNode = FALSE
	EndGlobalSection
EndGlobal
